
Microsoft Visual Studio Solution File, Format Version 12.00
# Visual Studio 15
VisualStudioVersion = 15.0.28307.271
MinimumVisualStudioVersion = 10.0.40219.1
Project("{FAE04EC0-301F-11D3-BF4B-00C04F79EFBC}") = "ApiClient", "Client\ApiClient.csproj", "{618FC304-2B3B-43FC-87AA-DE809D020CA9}"
EndProject
Project("{FAE04EC0-301F-11D3-BF4B-00C04F79EFBC}") = "Plugin", "innometrics-visual-studio\Plugin.csproj", "{52D9575E-FA83-4F42-903E-254B2F0C9E9E}"
EndProject
Project("{FAE04EC0-301F-11D3-BF4B-00C04F79EFBC}") = "LogInForm", "LogInForm\LogInForm.csproj", "{E8D88823-8561-4CD6-9549-DA52034E13CC}"
EndProject
Project("{FAE04EC0-301F-11D3-BF4B-00C04F79EFBC}") = "Model", "Model\Model.csproj", "{F4DB061D-E2E5-4AAD-BEBA-B1244314B08F}"
EndProject
Global
	GlobalSection(SolutionConfigurationPlatforms) = preSolution
		Debug|Any CPU = Debug|Any CPU
		Release|Any CPU = Release|Any CPU
	EndGlobalSection
	GlobalSection(ProjectConfigurationPlatforms) = postSolution
		{618FC304-2B3B-43FC-87AA-DE809D020CA9}.Debug|Any CPU.ActiveCfg = Debug|Any CPU
		{618FC304-2B3B-43FC-87AA-DE809D020CA9}.Debug|Any CPU.Build.0 = Debug|Any CPU
		{618FC304-2B3B-43FC-87AA-DE809D020CA9}.Release|Any CPU.ActiveCfg = Release|Any CPU
		{618FC304-2B3B-43FC-87AA-DE809D020CA9}.Release|Any CPU.Build.0 = Release|Any CPU
		{52D9575E-FA83-4F42-903E-254B2F0C9E9E}.Debug|Any CPU.ActiveCfg = Debug|Any CPU
		{52D9575E-FA83-4F42-903E-254B2F0C9E9E}.Debug|Any CPU.Build.0 = Debug|Any CPU
		{52D9575E-FA83-4F42-903E-254B2F0C9E9E}.Release|Any CPU.ActiveCfg = Release|Any CPU
		{52D9575E-FA83-4F42-903E-254B2F0C9E9E}.Release|Any CPU.Build.0 = Release|Any CPU
		{E8D88823-8561-4CD6-9549-DA52034E13CC}.Debug|Any CPU.ActiveCfg = Debug|Any CPU
		{E8D88823-8561-4CD6-9549-DA52034E13CC}.Debug|Any CPU.Build.0 = Debug|Any CPU
		{E8D88823-8561-4CD6-9549-DA52034E13CC}.Release|Any CPU.ActiveCfg = Release|Any CPU
		{E8D88823-8561-4CD6-9549-DA52034E13CC}.Release|Any CPU.Build.0 = Release|Any CPU
		{F4DB061D-E2E5-4AAD-BEBA-B1244314B08F}.Debug|Any CPU.ActiveCfg = Debug|Any CPU
		{F4DB061D-E2E5-4AAD-BEBA-B1244314B08F}.Debug|Any CPU.Build.0 = Debug|Any CPU
		{F4DB061D-E2E5-4AAD-BEBA-B1244314B08F}.Release|Any CPU.ActiveCfg = Release|Any CPU
		{F4DB061D-E2E5-4AAD-BEBA-B1244314B08F}.Release|Any CPU.Build.0 = Release|Any CPU
	EndGlobalSection
	GlobalSection(SolutionProperties) = preSolution
		HideSolutionNode = FALSE
	EndGlobalSection
	GlobalSection(ExtensibilityGlobals) = postSolution
		SolutionGuid = {51BB10D3-EED4-4052-8EA9-D3A830753EF6}
	EndGlobalSection
EndGlobal
